// !$*UTF8*$!
{
	archiveVersion = 1;
	classes = {
	};
	objectVersion = 46;
	objects = {

/* Begin PBXBuildFile section */
		30C8B46E1E53E18100BE44D9 /* AppDelegate.swift in Sources */ = {isa = PBXBuildFile; fileRef = 30C8B46D1E53E18100BE44D9 /* AppDelegate.swift */; };
		30C8B4701E53E18100BE44D9 /* ViewController.swift in Sources */ = {isa = PBXBuildFile; fileRef = 30C8B46F1E53E18100BE44D9 /* ViewController.swift */; };
		30C8B4731E53E18100BE44D9 /* Main.storyboard in Resources */ = {isa = PBXBuildFile; fileRef = 30C8B4711E53E18100BE44D9 /* Main.storyboard */; };
		30C8B4751E53E18100BE44D9 /* Assets.xcassets in Resources */ = {isa = PBXBuildFile; fileRef = 30C8B4741E53E18100BE44D9 /* Assets.xcassets */; };
		30C8B4781E53E18100BE44D9 /* LaunchScreen.storyboard in Resources */ = {isa = PBXBuildFile; fileRef = 30C8B4761E53E18100BE44D9 /* LaunchScreen.storyboard */; };
		30C8B4801E53E2BD00BE44D9 /* DemoCollectionViewController.swift in Sources */ = {isa = PBXBuildFile; fileRef = 30C8B47F1E53E2BD00BE44D9 /* DemoCollectionViewController.swift */; };
		30C8B4821E53E31100BE44D9 /* DemoCollectionViewCell.swift in Sources */ = {isa = PBXBuildFile; fileRef = 30C8B4811E53E31100BE44D9 /* DemoCollectionViewCell.swift */; };
		30C8B4841E53E50800BE44D9 /* tiendo.png in Resources */ = {isa = PBXBuildFile; fileRef = 30C8B4831E53E50800BE44D9 /* tiendo.png */; };
/* End PBXBuildFile section */

/* Begin PBXFileReference section */
		30C8B46A1E53E18100BE44D9 /* LearnCollectionView.app */ = {isa = PBXFileReference; explicitFileType = wrapper.application; includeInIndex = 0; path = LearnCollectionView.app; sourceTree = BUILT_PRODUCTS_DIR; };
		30C8B46D1E53E18100BE44D9 /* AppDelegate.swift */ = {isa = PBXFileReference; lastKnownFileType = sourcecode.swift; path = AppDelegate.swift; sourceTree = "<group>"; };
		30C8B46F1E53E18100BE44D9 /* ViewController.swift */ = {isa = PBXFileReference; lastKnownFileType = sourcecode.swift; path = ViewController.swift; sourceTree = "<group>"; };
		30C8B4721E53E18100BE44D9 /* Base */ = {isa = PBXFileReference; lastKnownFileType = file.storyboard; name = Base; path = Base.lproj/Main.storyboard; sourceTree = "<group>"; };
		30C8B4741E53E18100BE44D9 /* Assets.xcassets */ = {isa = PBXFileReference; lastKnownFileType = folder.assetcatalog; path = Assets.xcassets; sourceTree = "<group>"; };
		30C8B4771E53E18100BE44D9 /* Base */ = {isa = PBXFileReference; lastKnownFileType = file.storyboard; name = Base; path = Base.lproj/LaunchScreen.storyboard; sourceTree = "<group>"; };
		30C8B4791E53E18100BE44D9 /* Info.plist */ = {isa = PBXFileReference; lastKnownFileType = text.plist.xml; path = Info.plist; sourceTree = "<group>"; };
		30C8B47F1E53E2BD00BE44D9 /* DemoCollectionViewController.swift */ = {isa = PBXFileReference; fileEncoding = 4; lastKnownFileType = sourcecode.swift; path = DemoCollectionViewController.swift; sourceTree = "<group>"; };
		30C8B4811E53E31100BE44D9 /* DemoCollectionViewCell.swift */ = {isa = PBXFileReference; fileEncoding = 4; lastKnownFileType = sourcecode.swift; path = DemoCollectionViewCell.swift; sourceTree = "<group>"; };
		30C8B4831E53E50800BE44D9 /* tiendo.png */ = {isa = PBXFileReference; lastKnownFileType = image.png; path = tiendo.png; sourceTree = "<group>"; };
/* End PBXFileReference section */

/* Begin PBXFrameworksBuildPhase section */
		30C8B4671E53E18100BE44D9 /* Frameworks */ = {
			isa = PBXFrameworksBuildPhase;
			buildActionMask = 2147483647;
			files = (
			);
			runOnlyForDeploymentPostprocessing = 0;
		};
/* End PBXFrameworksBuildPhase section */

/* Begin PBXGroup section */
		30C8B4611E53E18100BE44D9 = {
			isa = PBXGroup;
			children = (
				30C8B46C1E53E18100BE44D9 /* LearnCollectionView */,
				30C8B46B1E53E18100BE44D9 /* Products */,
			);
			sourceTree = "<group>";
		};
		30C8B46B1E53E18100BE44D9 /* Products */ = {
			isa = PBXGroup;
			children = (
				30C8B46A1E53E18100BE44D9 /* LearnCollectionView.app */,
			);
			name = Products;
			sourceTree = "<group>";
		};
		30C8B46C1E53E18100BE44D9 /* LearnCollectionView */ = {
			isa = PBXGroup;
			children = (
				30C8B4831E53E50800BE44D9 /* tiendo.png */,
				30C8B46D1E53E18100BE44D9 /* AppDelegate.swift */,
				30C8B46F1E53E18100BE44D9 /* ViewController.swift */,
				30C8B4711E53E18100BE44D9 /* Main.storyboard */,
				30C8B4741E53E18100BE44D9 /* Assets.xcassets */,
				30C8B4761E53E18100BE44D9 /* LaunchScreen.storyboard */,
				30C8B4791E53E18100BE44D9 /* Info.plist */,
				30C8B47F1E53E2BD00BE44D9 /* DemoCollectionViewController.swift */,
				30C8B4811E53E31100BE44D9 /* DemoCollectionViewCell.swift */,
			);
			path = LearnCollectionView;
			sourceTree = "<group>";
		};
/* End PBXGroup section */

/* Begin PBXNativeTarget section */
		30C8B4691E53E18100BE44D9 /* LearnCollectionView */ = {
			isa = PBXNativeTarget;
			buildConfigurationList = 30C8B47C1E53E18100BE44D9 /* Build configuration list for PBXNativeTarget "LearnCollectionView" */;
			buildPhases = (
				30C8B4661E53E18100BE44D9 /* Sources */,
				30C8B4671E53E18100BE44D9 /* Frameworks */,
				30C8B4681E53E18100BE44D9 /* Resources */,
			);
			buildRules = (
			);
			dependencies = (
			);
			name = LearnCollectionView;
			productName = LearnCollectionView;
			productReference = 30C8B46A1E53E18100BE44D9 /* LearnCollectionView.app */;
			productType = "com.apple.product-type.application";
		};
/* End PBXNativeTarget section */

/* Begin PBXProject section */
		30C8B4621E53E18100BE44D9 /* Project object */ = {
			isa = PBXProject;
			attributes = {
				LastSwiftUpdateCheck = 0820;
				LastUpgradeCheck = 0820;
				ORGANIZATIONNAME = "Thieu Mao";
				TargetAttributes = {
					30C8B4691E53E18100BE44D9 = {
						CreatedOnToolsVersion = 8.2.1;
						DevelopmentTeam = Z4ZNZ62PTW;
						ProvisioningStyle = Automatic;
					};
				};
			};
			buildConfigurationList = 30C8B4651E53E18100BE44D9 /* Build configuration list for PBXProject "LearnCollectionView" */;
			compatibilityVersion = "Xcode 3.2";
			developmentRegion = English;
			hasScannedForEncodings = 0;
			knownRegions = (
				en,
				Base,
			);
			mainGroup = 30C8B4611E53E18100BE44D9;
			productRefGroup = 30C8B46B1E53E18100BE44D9 /* Products */;
			projectDirPath = "";
			projectRoot = "";
			targets = (
				30C8B4691E53E18100BE44D9 /* LearnCollectionView */,
			);
		};
/* End PBXProject section */

/* Begin PBXResourcesBuildPhase section */
		30C8B4681E53E18100BE44D9 /* Resources */ = {
			isa = PBXResourcesBuildPhase;
			buildActionMask = 2147483647;
			files = (
				30C8B4841E53E50800BE44D9 /* tiendo.png in Resources */,
				30C8B4781E53E18100BE44D9 /* LaunchScreen.storyboard in Resources */,
				30C8B4751E53E18100BE44D9 /* Assets.xcassets in Resources */,
				30C8B4731E53E18100BE44D9 /* Main.storyboard in Resources */,
			);
			runOnlyForDeploymentPostprocessing = 0;
		};
/* End PBXResourcesBuildPhase section */

/* Begin PBXSourcesBuildPhase section */
		30C8B4661E53E18100BE44D9 /* Sources */ = {
			isa = PBXSourcesBuildPhase;
			buildActionMask = 2147483647;
			files = (
				30C8B4701E53E18100BE44D9 /* ViewController.swift in Sources */,
				30C8B46E1E53E18100BE44D9 /* AppDelegate.swift in Sources */,
				30C8B4801E53E2BD00BE44D9 /* DemoCollectionViewController.swift in Sources */,
				30C8B4821E53E31100BE44D9 /* DemoCollectionViewCell.swift in Sources */,
			);
			runOnlyForDeploymentPostprocessing = 0;
		};
/* End PBXSourcesBuildPhase section */

/* Begin PBXVariantGroup section */
		30C8B4711E53E18100BE44D9 /* Main.storyboard */ = {
			isa = PBXVariantGroup;
			children = (
				30C8B4721E53E18100BE44D9 /* Base */,
			);
			name = Main.storyboard;
			sourceTree = "<group>";
		};
		30C8B4761E53E18100BE44D9 /* LaunchScreen.storyboard */ = {
			isa = PBXVariantGroup;
			children = (
				30C8B4771E53E18100BE44D9 /* Base */,
			);
			name = LaunchScreen.storyboard;
			sourceTree = "<group>";
		};
/* End PBXVariantGroup section */

/* Begin XCBuildConfiguration section */
		30C8B47A1E53E18100BE44D9 /* Debug */ = {
			isa = XCBuildConfiguration;
			buildSettings = {
				ALWAYS_SEARCH_USER_PATHS = NO;
				CLANG_ANALYZER_NONNULL = YES;
				CLANG_CXX_LANGUAGE_STANDARD = "gnu++0x";
				CLANG_CXX_LIBRARY = "libc++";
				CLANG_ENABLE_MODULES = YES;
				CLANG_ENABLE_OBJC_ARC = YES;
				CLANG_WARN_BOOL_CONVERSION = YES;
				CLANG_WARN_CONSTANT_CONVERSION = YES;
				CLANG_WARN_DIRECT_OBJC_ISA_USAGE = YES_ERROR;
				CLANG_WARN_DOCUMENTATION_COMMENTS = YES;
				CLANG_WARN_EMPTY_BODY = YES;
				CLANG_WARN_ENUM_CONVERSION = YES;
				CLANG_WARN_INFINITE_RECURSION = YES;
				CLANG_WARN_INT_CONVERSION = YES;
				CLANG_WARN_OBJC_ROOT_CLASS = YES_ERROR;
				CLANG_WARN_SUSPICIOUS_MOVE = YES;
				CLANG_WARN_UNREACHABLE_CODE = YES;
				CLANG_WARN__DUPLICATE_METHOD_MATCH = YES;
				"CODE_SIGN_IDENTITY[sdk=iphoneos*]" = "iPhone Developer";
				COPY_PHASE_STRIP = NO;
				DEBUG_INFORMATION_FORMAT = dwarf;
				ENABLE_STRICT_OBJC_MSGSEND = YES;
				ENABLE_TESTABILITY = YES;
				GCC_C_LANGUAGE_STANDARD = gnu99;
				GCC_DYNAMIC_NO_PIC = NO;
				GCC_NO_COMMON_BLOCKS = YES;
				GCC_OPTIMIZATION_LEVEL = 0;
				GCC_PREPROCESSOR_DEFINITIONS = (
					"DEBUG=1",
					"$(inherited)",
				);
				GCC_WARN_64_TO_32_BIT_CONVERSION = YES;
				GCC_WARN_ABOUT_RETURN_TYPE = YES_ERROR;
				GCC_WARN_UNDECLARED_SELECTOR = YES;
				GCC_WARN_UNINITIALIZED_AUTOS = YES_AGGRESSIVE;
				GCC_WARN_UNUSED_FUNCTION = YES;
				GCC_WARN_UNUSED_VARIABLE = YES;
				IPHONEOS_DEPLOYMENT_TARGET = 10.2;
				MTL_ENABLE_DEBUG_INFO = YES;
				ONLY_ACTIVE_ARCH = YES;
				SDKROOT = iphoneos;
				SWIFT_ACTIVE_COMPILATION_CONDITIONS = DEBUG;
				SWIFT_OPTIMIZATION_LEVEL = "-Onone";
			};
			name = Debug;
		};
		30C8B47B1E53E18100BE44D9 /* Release */ = {
			isa = XCBuildConfiguration;
			buildSettings = {
				ALWAYS_SEARCH_USER_PATHS = NO;
				CLANG_ANALYZER_NONNULL = YES;
				CLANG_CXX_LANGUAGE_STANDARD = "gnu++0x";
				CLANG_CXX_LIBRARY = "libc++";
				CLANG_ENABLE_MODULES = YES;
				CLANG_ENABLE_OBJC_ARC = YES;
				CLANG_WARN_BOOL_CONVERSION = YES;
				CLANG_WARN_CONSTANT_CONVERSION = YES;
				CLANG_WARN_DIRECT_OBJC_ISA_USAGE = YES_ERROR;
				CLANG_WARN_DOCUMENTATION_COMMENTS = YES;
				CLANG_WARN_EMPTY_BODY = YES;
				CLANG_WARN_ENUM_CONVERSION = YES;
				CLANG_WARN_INFINITE_RECURSION = YES;
				CLANG_WARN_INT_CONVERSION = YES;
				CLANG_WARN_OBJC_ROOT_CLASS = YES_ERROR;
				CLANG_WARN_SUSPICIOUS_MOVE = YES;
				CLANG_WARN_UNREACHABLE_CODE = YES;
				CLANG_WARN__DUPLICATE_METHOD_MATCH = YES;
				"CODE_SIGN_IDENTITY[sdk=iphoneos*]" = "iPhone Developer";
				COPY_PHASE_STRIP = NO;
				DEBUG_INFORMATION_FORMAT = "dwarf-with-dsym";
				ENABLE_NS_ASSERTIONS = NO;
				ENABLE_STRICT_OBJC_MSGSEND = YES;
				GCC_C_LANGUAGE_STANDARD = gnu99;
				GCC_NO_COMMON_BLOCKS = YES;
				GCC_WARN_64_TO_32_BIT_CONVERSION = YES;
				GCC_WARN_ABOUT_RETURN_TYPE = YES_ERROR;
				GCC_WARN_UNDECLARED_SELECTOR = YES;
				GCC_WARN_UNINITIALIZED_AUTOS = YES_AGGRESSIVE;
				GCC_WARN_UNUSED_FUNCTION = YES;
				GCC_WARN_UNUSED_VARIABLE = YES;
				IPHONEOS_DEPLOYMENT_TARGET = 10.2;
				MTL_ENABLE_DEBUG_INFO = NO;
				SDKROOT = iphoneos;
				SWIFT_OPTIMIZATION_LEVEL = "-Owholemodule";
				VALIDATE_PRODUCT = YES;
			};
			name = Release;
		};
		30C8B47D1E53E18100BE44D9 /* Debug */ = {
			isa = XCBuildConfiguration;
			buildSettings = {
				ASSETCATALOG_COMPILER_APPICON_NAME = AppIcon;
				DEVELOPMENT_TEAM = Z4ZNZ62PTW;
				INFOPLIST_FILE = LearnCollectionView/Info.plist;
				LD_RUNPATH_SEARCH_PATHS = "$(inherited) @executable_path/Frameworks";
				PRODUCT_BUNDLE_IDENTIFIER = com.haynhanh.LearnCollectionView;
				PRODUCT_NAME = "$(TARGET_NAME)";
				SWIFT_VERSION = 3.0;
			};
			name = Debug;
		};
		30C8B47E1E53E18100BE44D9 /* Release */ = {
			isa = XCBuildConfiguration;
			buildSettings = {
				ASSETCATALOG_COMPILER_APPICON_NAME = AppIcon;
				DEVELOPMENT_TEAM = Z4ZNZ62PTW;
				INFOPLIST_FILE = LearnCollectionView/Info.plist;
				LD_RUNPATH_SEARCH_PATHS = "$(inherited) @executable_path/Frameworks";
				PRODUCT_BUNDLE_IDENTIFIER = com.haynhanh.LearnCollectionView;
				PRODUCT_NAME = "$(TARGET_NAME)";
				SWIFT_VERSION = 3.0;
			};
			name = Release;
		};
/* End XCBuildConfiguration section */

/* Begin XCConfigurationList section */
		30C8B4651E53E18100BE44D9 /* Build configuration list for PBXProject "LearnCollectionView" */ = {
			isa = XCConfigurationList;
			buildConfigurations = (
				30C8B47A1E53E18100BE44D9 /* Debug */,
				30C8B47B1E53E18100BE44D9 /* Release */,
			);
			defaultConfigurationIsVisible = 0;
			defaultConfigurationName = Release;
		};
		30C8B47C1E53E18100BE44D9 /* Build configuration list for PBXNativeTarget "LearnCollectionView" */ = {
			isa = XCConfigurationList;
			buildConfigurations = (
				30C8B47D1E53E18100BE44D9 /* Debug */,
				30C8B47E1E53E18100BE44D9 /* Release */,
			);
			defaultConfigurationIsVisible = 0;
			defaultConfigurationName = Release;
		};
/* End XCConfigurationList section */
	};
	rootObject = 30C8B4621E53E18100BE44D9 /* Project object */;
}
